
Microsoft Visual Studio Solution File, Format Version 12.00
# Visual Studio Version 16
VisualStudioVersion = 16.0.30804.86
MinimumVisualStudioVersion = 10.0.40219.1
Project("{FAE04EC0-301F-11D3-BF4B-00C04F79EFBC}") = "Racing", "Racing.csproj", "{320DAEB6-C6CA-4988-8186-99175B680B9A}"
EndProject
Global
	GlobalSection(SolutionConfigurationPlatforms) = preSolution
		Debug|Any CPU = Debug|Any CPU
		Release|Any CPU = Release|Any CPU
	EndGlobalSection
	GlobalSection(ProjectConfigurationPlatforms) = postSolution
		{320DAEB6-C6CA-4988-8186-99175B680B9A}.Debug|Any CPU.ActiveCfg = Debug|Any CPU
		{320DAEB6-C6CA-4988-8186-99175B680B9A}.Debug|Any CPU.Build.0 = Debug|Any CPU
		{320DAEB6-C6CA-4988-8186-99175B680B9A}.Release|Any CPU.ActiveCfg = Release|Any CPU
		{320DAEB6-C6CA-4988-8186-99175B680B9A}.Release|Any CPU.Build.0 = Release|Any CPU
	EndGlobalSection
	GlobalSection(SolutionProperties) = preSolution
		HideSolutionNode = FALSE
	EndGlobalSection
	GlobalSection(ExtensibilityGlobals) = postSolution
		SolutionGuid = {51E9D69F-0FF7-4E7F-8876-9DCBE1D50C89}
	EndGlobalSection
EndGlobal
